
Microsoft Visual Studio Solution File, Format Version 12.00
# Visual Studio Version 17
VisualStudioVersion = 17.14.36930.0 d17.14
MinimumVisualStudioVersion = 10.0.40219.1
Project("{FAE04EC0-301F-11D3-BF4B-00C04F79EFBC}") = "IFStatements", "IFStatements\IFStatements.csproj", "{BAD29CB0-0B44-40FA-B05E-6D82CBD94F71}"
EndProject
Global
	GlobalSection(SolutionConfigurationPlatforms) = preSolution
		Debug|Any CPU = Debug|Any CPU
		Release|Any CPU = Release|Any CPU
	EndGlobalSection
	GlobalSection(ProjectConfigurationPlatforms) = postSolution
		{BAD29CB0-0B44-40FA-B05E-6D82CBD94F71}.Debug|Any CPU.ActiveCfg = Debug|Any CPU
		{BAD29CB0-0B44-40FA-B05E-6D82CBD94F71}.Debug|Any CPU.Build.0 = Debug|Any CPU
		{BAD29CB0-0B44-40FA-B05E-6D82CBD94F71}.Release|Any CPU.ActiveCfg = Release|Any CPU
		{BAD29CB0-0B44-40FA-B05E-6D82CBD94F71}.Release|Any CPU.Build.0 = Release|Any CPU
	EndGlobalSection
	GlobalSection(SolutionProperties) = preSolution
		HideSolutionNode = FALSE
	EndGlobalSection
	GlobalSection(ExtensibilityGlobals) = postSolution
		SolutionGuid = {9C346C96-A81B-4797-A212-213BDA48BE2E}
	EndGlobalSection
EndGlobal
