
Microsoft Visual Studio Solution File, Format Version 12.00
# Visual Studio Version 17
VisualStudioVersion = 17.14.37203.1 d17.14
MinimumVisualStudioVersion = 10.0.40219.1
Project("{FAE04EC0-301F-11D3-BF4B-00C04F79EFBC}") = "CoffeeNCode", "CoffeeNCode\CoffeeNCode.csproj", "{5C03BADE-929B-4595-9D11-F1710D88A363}"
EndProject
Global
	GlobalSection(SolutionConfigurationPlatforms) = preSolution
		Debug|Any CPU = Debug|Any CPU
		Release|Any CPU = Release|Any CPU
	EndGlobalSection
	GlobalSection(ProjectConfigurationPlatforms) = postSolution
		{5C03BADE-929B-4595-9D11-F1710D88A363}.Debug|Any CPU.ActiveCfg = Debug|Any CPU
		{5C03BADE-929B-4595-9D11-F1710D88A363}.Debug|Any CPU.Build.0 = Debug|Any CPU
		{5C03BADE-929B-4595-9D11-F1710D88A363}.Release|Any CPU.ActiveCfg = Release|Any CPU
		{5C03BADE-929B-4595-9D11-F1710D88A363}.Release|Any CPU.Build.0 = Release|Any CPU
	EndGlobalSection
	GlobalSection(SolutionProperties) = preSolution
		HideSolutionNode = FALSE
	EndGlobalSection
	GlobalSection(ExtensibilityGlobals) = postSolution
		SolutionGuid = {2E6115F1-ABEB-427F-86E3-8F3E49DC30B5}
	EndGlobalSection
EndGlobal
