
Microsoft Visual Studio Solution File, Format Version 12.00
# Visual Studio Version 17
VisualStudioVersion = 17.14.36930.0 d17.14
MinimumVisualStudioVersion = 10.0.40219.1
Project("{FAE04EC0-301F-11D3-BF4B-00C04F79EFBC}") = "ProjectRandom", "ProjectRandom\ProjectRandom.csproj", "{8E37106C-C2D9-4038-90DE-9935F85E8AA8}"
EndProject
Global
	GlobalSection(SolutionConfigurationPlatforms) = preSolution
		Debug|Any CPU = Debug|Any CPU
		Release|Any CPU = Release|Any CPU
	EndGlobalSection
	GlobalSection(ProjectConfigurationPlatforms) = postSolution
		{8E37106C-C2D9-4038-90DE-9935F85E8AA8}.Debug|Any CPU.ActiveCfg = Debug|Any CPU
		{8E37106C-C2D9-4038-90DE-9935F85E8AA8}.Debug|Any CPU.Build.0 = Debug|Any CPU
		{8E37106C-C2D9-4038-90DE-9935F85E8AA8}.Release|Any CPU.ActiveCfg = Release|Any CPU
		{8E37106C-C2D9-4038-90DE-9935F85E8AA8}.Release|Any CPU.Build.0 = Release|Any CPU
	EndGlobalSection
	GlobalSection(SolutionProperties) = preSolution
		HideSolutionNode = FALSE
	EndGlobalSection
	GlobalSection(ExtensibilityGlobals) = postSolution
		SolutionGuid = {63BAAFF5-7CF9-4400-8259-5CB28FEB6E11}
	EndGlobalSection
EndGlobal
