
Microsoft Visual Studio Solution File, Format Version 12.00
# Visual Studio Version 17
VisualStudioVersion = 17.14.37027.9 d17.14
MinimumVisualStudioVersion = 10.0.40219.1
Project("{FAE04EC0-301F-11D3-BF4B-00C04F79EFBC}") = "DotnetYT", "DotnetYT\DotnetYT.csproj", "{595B0C59-BE6A-481B-8E69-C31DDC515D01}"
EndProject
Global
	GlobalSection(SolutionConfigurationPlatforms) = preSolution
		Debug|Any CPU = Debug|Any CPU
		Release|Any CPU = Release|Any CPU
	EndGlobalSection
	GlobalSection(ProjectConfigurationPlatforms) = postSolution
		{595B0C59-BE6A-481B-8E69-C31DDC515D01}.Debug|Any CPU.ActiveCfg = Debug|Any CPU
		{595B0C59-BE6A-481B-8E69-C31DDC515D01}.Debug|Any CPU.Build.0 = Debug|Any CPU
		{595B0C59-BE6A-481B-8E69-C31DDC515D01}.Release|Any CPU.ActiveCfg = Release|Any CPU
		{595B0C59-BE6A-481B-8E69-C31DDC515D01}.Release|Any CPU.Build.0 = Release|Any CPU
	EndGlobalSection
	GlobalSection(SolutionProperties) = preSolution
		HideSolutionNode = FALSE
	EndGlobalSection
	GlobalSection(ExtensibilityGlobals) = postSolution
		SolutionGuid = {1F459281-383A-4E81-BC1D-09513BCC412D}
	EndGlobalSection
EndGlobal
