
Microsoft Visual Studio Solution File, Format Version 12.00
# Visual Studio Version 17
VisualStudioVersion = 17.14.36930.0 d17.14
MinimumVisualStudioVersion = 10.0.40219.1
Project("{FAE04EC0-301F-11D3-BF4B-00C04F79EFBC}") = "userInput", "userInput\userInput.csproj", "{F82803B8-4724-4462-BC8C-17E3E29C2721}"
EndProject
Global
	GlobalSection(SolutionConfigurationPlatforms) = preSolution
		Debug|Any CPU = Debug|Any CPU
		Release|Any CPU = Release|Any CPU
	EndGlobalSection
	GlobalSection(ProjectConfigurationPlatforms) = postSolution
		{F82803B8-4724-4462-BC8C-17E3E29C2721}.Debug|Any CPU.ActiveCfg = Debug|Any CPU
		{F82803B8-4724-4462-BC8C-17E3E29C2721}.Debug|Any CPU.Build.0 = Debug|Any CPU
		{F82803B8-4724-4462-BC8C-17E3E29C2721}.Release|Any CPU.ActiveCfg = Release|Any CPU
		{F82803B8-4724-4462-BC8C-17E3E29C2721}.Release|Any CPU.Build.0 = Release|Any CPU
	EndGlobalSection
	GlobalSection(SolutionProperties) = preSolution
		HideSolutionNode = FALSE
	EndGlobalSection
	GlobalSection(ExtensibilityGlobals) = postSolution
		SolutionGuid = {B0832818-7DB5-44BE-BBDB-CA17338D0F59}
	EndGlobalSection
EndGlobal
